// !$*UTF8*$!
{
	archiveVersion = 1;
	classes = {
	};
	objectVersion = 56;
	objects = {

/* Begin PBXBuildFile section */
		412DD2A92960F1B900A34161 /* SignIn.storyboard in Resources */ = {isa = PBXBuildFile; fileRef = 412DD2A82960F1B900A34161 /* SignIn.storyboard */; };
		412DD2AB2960F1E000A34161 /* SignInViewController.swift in Sources */ = {isa = PBXBuildFile; fileRef = 412DD2AA2960F1E000A34161 /* SignInViewController.swift */; };
		412DD2AD2960F3CD00A34161 /* Strings.swift in Sources */ = {isa = PBXBuildFile; fileRef = 412DD2AC2960F3CD00A34161 /* Strings.swift */; };
		4169DF42292AF178000C8EF4 /* AppDelegate.swift in Sources */ = {isa = PBXBuildFile; fileRef = 4169DF41292AF178000C8EF4 /* AppDelegate.swift */; };
		4169DF44292AF178000C8EF4 /* SceneDelegate.swift in Sources */ = {isa = PBXBuildFile; fileRef = 4169DF43292AF178000C8EF4 /* SceneDelegate.swift */; };
		4169DF46292AF178000C8EF4 /* ViewController.swift in Sources */ = {isa = PBXBuildFile; fileRef = 4169DF45292AF178000C8EF4 /* ViewController.swift */; };
		4169DF49292AF178000C8EF4 /* Main.storyboard in Resources */ = {isa = PBXBuildFile; fileRef = 4169DF47292AF178000C8EF4 /* Main.storyboard */; };
		4169DF4B292AF179000C8EF4 /* Assets.xcassets in Resources */ = {isa = PBXBuildFile; fileRef = 4169DF4A292AF179000C8EF4 /* Assets.xcassets */; };
		4169DF4E292AF179000C8EF4 /* LaunchScreen.storyboard in Resources */ = {isa = PBXBuildFile; fileRef = 4169DF4C292AF179000C8EF4 /* LaunchScreen.storyboard */; };
		4169DF59292AF179000C8EF4 /* LifesJourneyTests.swift in Sources */ = {isa = PBXBuildFile; fileRef = 4169DF58292AF179000C8EF4 /* LifesJourneyTests.swift */; };
		4169DF63292AF179000C8EF4 /* LifesJourneyUITests.swift in Sources */ = {isa = PBXBuildFile; fileRef = 4169DF62292AF179000C8EF4 /* LifesJourneyUITests.swift */; };
		4169DF65292AF179000C8EF4 /* LifesJourneyUITestsLaunchTests.swift in Sources */ = {isa = PBXBuildFile; fileRef = 4169DF64292AF179000C8EF4 /* LifesJourneyUITestsLaunchTests.swift */; };
/* End PBXBuildFile section */

/* Begin PBXContainerItemProxy section */
		4169DF55292AF179000C8EF4 /* PBXContainerItemProxy */ = {
			isa = PBXContainerItemProxy;
			containerPortal = 4169DF36292AF178000C8EF4 /* Project object */;
			proxyType = 1;
			remoteGlobalIDString = 4169DF3D292AF178000C8EF4;
			remoteInfo = LifesJourney;
		};
		4169DF5F292AF179000C8EF4 /* PBXContainerItemProxy */ = {
			isa = PBXContainerItemProxy;
			containerPortal = 4169DF36292AF178000C8EF4 /* Project object */;
			proxyType = 1;
			remoteGlobalIDString = 4169DF3D292AF178000C8EF4;
			remoteInfo = LifesJourney;
		};
/* End PBXContainerItemProxy section */

/* Begin PBXFileReference section */
		412DD2A82960F1B900A34161 /* SignIn.storyboard */ = {isa = PBXFileReference; lastKnownFileType = file.storyboard; path = SignIn.storyboard; sourceTree = "<group>"; };
		412DD2AA2960F1E000A34161 /* SignInViewController.swift */ = {isa = PBXFileReference; lastKnownFileType = sourcecode.swift; path = SignInViewController.swift; sourceTree = "<group>"; };
		412DD2AC2960F3CD00A34161 /* Strings.swift */ = {isa = PBXFileReference; lastKnownFileType = sourcecode.swift; path = Strings.swift; sourceTree = "<group>"; };
		4169DF3E292AF178000C8EF4 /* LifesJourney.app */ = {isa = PBXFileReference; explicitFileType = wrapper.application; includeInIndex = 0; path = LifesJourney.app; sourceTree = BUILT_PRODUCTS_DIR; };
		4169DF41292AF178000C8EF4 /* AppDelegate.swift */ = {isa = PBXFileReference; lastKnownFileType = sourcecode.swift; path = AppDelegate.swift; sourceTree = "<group>"; };
		4169DF43292AF178000C8EF4 /* SceneDelegate.swift */ = {isa = PBXFileReference; lastKnownFileType = sourcecode.swift; path = SceneDelegate.swift; sourceTree = "<group>"; };
		4169DF45292AF178000C8EF4 /* ViewController.swift */ = {isa = PBXFileReference; lastKnownFileType = sourcecode.swift; path = ViewController.swift; sourceTree = "<group>"; };
		4169DF48292AF178000C8EF4 /* Base */ = {isa = PBXFileReference; lastKnownFileType = file.storyboard; name = Base; path = Base.lproj/Main.storyboard; sourceTree = "<group>"; };
		4169DF4A292AF179000C8EF4 /* Assets.xcassets */ = {isa = PBXFileReference; lastKnownFileType = folder.assetcatalog; path = Assets.xcassets; sourceTree = "<group>"; };
		4169DF4D292AF179000C8EF4 /* Base */ = {isa = PBXFileReference; lastKnownFileType = file.storyboard; name = Base; path = Base.lproj/LaunchScreen.storyboard; sourceTree = "<group>"; };
		4169DF4F292AF179000C8EF4 /* Info.plist */ = {isa = PBXFileReference; lastKnownFileType = text.plist.xml; path = Info.plist; sourceTree = "<group>"; };
		4169DF54292AF179000C8EF4 /* LifesJourneyTests.xctest */ = {isa = PBXFileReference; explicitFileType = wrapper.cfbundle; includeInIndex = 0; path = LifesJourneyTests.xctest; sourceTree = BUILT_PRODUCTS_DIR; };
		4169DF58292AF179000C8EF4 /* LifesJourneyTests.swift */ = {isa = PBXFileReference; lastKnownFileType = sourcecode.swift; path = LifesJourneyTests.swift; sourceTree = "<group>"; };
		4169DF5E292AF179000C8EF4 /* LifesJourneyUITests.xctest */ = {isa = PBXFileReference; explicitFileType = wrapper.cfbundle; includeInIndex = 0; path = LifesJourneyUITests.xctest; sourceTree = BUILT_PRODUCTS_DIR; };
		4169DF62292AF179000C8EF4 /* LifesJourneyUITests.swift */ = {isa = PBXFileReference; lastKnownFileType = sourcecode.swift; path = LifesJourneyUITests.swift; sourceTree = "<group>"; };
		4169DF64292AF179000C8EF4 /* LifesJourneyUITestsLaunchTests.swift */ = {isa = PBXFileReference; lastKnownFileType = sourcecode.swift; path = LifesJourneyUITestsLaunchTests.swift; sourceTree = "<group>"; };
/* End PBXFileReference section */

/* Begin PBXFrameworksBuildPhase section */
		4169DF3B292AF178000C8EF4 /* Frameworks */ = {
			isa = PBXFrameworksBuildPhase;
			buildActionMask = 2147483647;
			files = (
			);
			runOnlyForDeploymentPostprocessing = 0;
		};
		4169DF51292AF179000C8EF4 /* Frameworks */ = {
			isa = PBXFrameworksBuildPhase;
			buildActionMask = 2147483647;
			files = (
			);
			runOnlyForDeploymentPostprocessing = 0;
		};
		4169DF5B292AF179000C8EF4 /* Frameworks */ = {
			isa = PBXFrameworksBuildPhase;
			buildActionMask = 2147483647;
			files = (
			);
			runOnlyForDeploymentPostprocessing = 0;
		};
/* End PBXFrameworksBuildPhase section */

/* Begin PBXGroup section */
		412DD2A62960F13C00A34161 /* Views */ = {
			isa = PBXGroup;
			children = (
				412DD2A82960F1B900A34161 /* SignIn.storyboard */,
			);
			path = Views;
			sourceTree = "<group>";
		};
		412DD2A72960F15F00A34161 /* Controllers */ = {
			isa = PBXGroup;
			children = (
				412DD2AA2960F1E000A34161 /* SignInViewController.swift */,
			);
			path = Controllers;
			sourceTree = "<group>";
		};
		4169DF35292AF178000C8EF4 = {
			isa = PBXGroup;
			children = (
				4169DF40292AF178000C8EF4 /* LifesJourney */,
				4169DF57292AF179000C8EF4 /* LifesJourneyTests */,
				4169DF61292AF179000C8EF4 /* LifesJourneyUITests */,
				4169DF3F292AF178000C8EF4 /* Products */,
			);
			sourceTree = "<group>";
		};
		4169DF3F292AF178000C8EF4 /* Products */ = {
			isa = PBXGroup;
			children = (
				4169DF3E292AF178000C8EF4 /* LifesJourney.app */,
				4169DF54292AF179000C8EF4 /* LifesJourneyTests.xctest */,
				4169DF5E292AF179000C8EF4 /* LifesJourneyUITests.xctest */,
			);
			name = Products;
			sourceTree = "<group>";
		};
		4169DF40292AF178000C8EF4 /* LifesJourney */ = {
			isa = PBXGroup;
			children = (
				412DD2A72960F15F00A34161 /* Controllers */,
				412DD2A62960F13C00A34161 /* Views */,
				4169DF41292AF178000C8EF4 /* AppDelegate.swift */,
				4169DF43292AF178000C8EF4 /* SceneDelegate.swift */,
				4169DF45292AF178000C8EF4 /* ViewController.swift */,
				4169DF47292AF178000C8EF4 /* Main.storyboard */,
				4169DF4A292AF179000C8EF4 /* Assets.xcassets */,
				4169DF4C292AF179000C8EF4 /* LaunchScreen.storyboard */,
				4169DF4F292AF179000C8EF4 /* Info.plist */,
				412DD2AC2960F3CD00A34161 /* Strings.swift */,
			);
			path = LifesJourney;
			sourceTree = "<group>";
		};
		4169DF57292AF179000C8EF4 /* LifesJourneyTests */ = {
			isa = PBXGroup;
			children = (
				4169DF58292AF179000C8EF4 /* LifesJourneyTests.swift */,
			);
			path = LifesJourneyTests;
			sourceTree = "<group>";
		};
		4169DF61292AF179000C8EF4 /* LifesJourneyUITests */ = {
			isa = PBXGroup;
			children = (
				4169DF62292AF179000C8EF4 /* LifesJourneyUITests.swift */,
				4169DF64292AF179000C8EF4 /* LifesJourneyUITestsLaunchTests.swift */,
			);
			path = LifesJourneyUITests;
			sourceTree = "<group>";
		};
/* End PBXGroup section */

/* Begin PBXNativeTarget section */
		4169DF3D292AF178000C8EF4 /* LifesJourney */ = {
			isa = PBXNativeTarget;
			buildConfigurationList = 4169DF68292AF179000C8EF4 /* Build configuration list for PBXNativeTarget "LifesJourney" */;
			buildPhases = (
				4169DF3A292AF178000C8EF4 /* Sources */,
				4169DF3B292AF178000C8EF4 /* Frameworks */,
				4169DF3C292AF178000C8EF4 /* Resources */,
			);
			buildRules = (
			);
			dependencies = (
			);
			name = LifesJourney;
			productName = LifesJourney;
			productReference = 4169DF3E292AF178000C8EF4 /* LifesJourney.app */;
			productType = "com.apple.product-type.application";
		};
		4169DF53292AF179000C8EF4 /* LifesJourneyTests */ = {
			isa = PBXNativeTarget;
			buildConfigurationList = 4169DF6B292AF179000C8EF4 /* Build configuration list for PBXNativeTarget "LifesJourneyTests" */;
			buildPhases = (
				4169DF50292AF179000C8EF4 /* Sources */,
				4169DF51292AF179000C8EF4 /* Frameworks */,
				4169DF52292AF179000C8EF4 /* Resources */,
			);
			buildRules = (
			);
			dependencies = (
				4169DF56292AF179000C8EF4 /* PBXTargetDependency */,
			);
			name = LifesJourneyTests;
			productName = LifesJourneyTests;
			productReference = 4169DF54292AF179000C8EF4 /* LifesJourneyTests.xctest */;
			productType = "com.apple.product-type.bundle.unit-test";
		};
		4169DF5D292AF179000C8EF4 /* LifesJourneyUITests */ = {
			isa = PBXNativeTarget;
			buildConfigurationList = 4169DF6E292AF179000C8EF4 /* Build configuration list for PBXNativeTarget "LifesJourneyUITests" */;
			buildPhases = (
				4169DF5A292AF179000C8EF4 /* Sources */,
				4169DF5B292AF179000C8EF4 /* Frameworks */,
				4169DF5C292AF179000C8EF4 /* Resources */,
			);
			buildRules = (
			);
			dependencies = (
				4169DF60292AF179000C8EF4 /* PBXTargetDependency */,
			);
			name = LifesJourneyUITests;
			productName = LifesJourneyUITests;
			productReference = 4169DF5E292AF179000C8EF4 /* LifesJourneyUITests.xctest */;
			productType = "com.apple.product-type.bundle.ui-testing";
		};
/* End PBXNativeTarget section */

/* Begin PBXProject section */
		4169DF36292AF178000C8EF4 /* Project object */ = {
			isa = PBXProject;
			attributes = {
				BuildIndependentTargetsInParallel = 1;
				LastSwiftUpdateCheck = 1410;
				LastUpgradeCheck = 1410;
				TargetAttributes = {
					4169DF3D292AF178000C8EF4 = {
						CreatedOnToolsVersion = 14.1;
					};
					4169DF53292AF179000C8EF4 = {
						CreatedOnToolsVersion = 14.1;
						TestTargetID = 4169DF3D292AF178000C8EF4;
					};
					4169DF5D292AF179000C8EF4 = {
						CreatedOnToolsVersion = 14.1;
						TestTargetID = 4169DF3D292AF178000C8EF4;
					};
				};
			};
			buildConfigurationList = 4169DF39292AF178000C8EF4 /* Build configuration list for PBXProject "LifesJourney" */;
			compatibilityVersion = "Xcode 14.0";
			developmentRegion = en;
			hasScannedForEncodings = 0;
			knownRegions = (
				en,
				Base,
			);
			mainGroup = 4169DF35292AF178000C8EF4;
			productRefGroup = 4169DF3F292AF178000C8EF4 /* Products */;
			projectDirPath = "";
			projectRoot = "";
			targets = (
				4169DF3D292AF178000C8EF4 /* LifesJourney */,
				4169DF53292AF179000C8EF4 /* LifesJourneyTests */,
				4169DF5D292AF179000C8EF4 /* LifesJourneyUITests */,
			);
		};
/* End PBXProject section */

/* Begin PBXResourcesBuildPhase section */
		4169DF3C292AF178000C8EF4 /* Resources */ = {
			isa = PBXResourcesBuildPhase;
			buildActionMask = 2147483647;
			files = (
				412DD2A92960F1B900A34161 /* SignIn.storyboard in Resources */,
				4169DF4E292AF179000C8EF4 /* LaunchScreen.storyboard in Resources */,
				4169DF4B292AF179000C8EF4 /* Assets.xcassets in Resources */,
				4169DF49292AF178000C8EF4 /* Main.storyboard in Resources */,
			);
			runOnlyForDeploymentPostprocessing = 0;
		};
		4169DF52292AF179000C8EF4 /* Resources */ = {
			isa = PBXResourcesBuildPhase;
			buildActionMask = 2147483647;
			files = (
			);
			runOnlyForDeploymentPostprocessing = 0;
		};
		4169DF5C292AF179000C8EF4 /* Resources */ = {
			isa = PBXResourcesBuildPhase;
			buildActionMask = 2147483647;
			files = (
			);
			runOnlyForDeploymentPostprocessing = 0;
		};
/* End PBXResourcesBuildPhase section */

/* Begin PBXSourcesBuildPhase section */
		4169DF3A292AF178000C8EF4 /* Sources */ = {
			isa = PBXSourcesBuildPhase;
			buildActionMask = 2147483647;
			files = (
				412DD2AB2960F1E000A34161 /* SignInViewController.swift in Sources */,
				4169DF46292AF178000C8EF4 /* ViewController.swift in Sources */,
				412DD2AD2960F3CD00A34161 /* Strings.swift in Sources */,
				4169DF42292AF178000C8EF4 /* AppDelegate.swift in Sources */,
				4169DF44292AF178000C8EF4 /* SceneDelegate.swift in Sources */,
			);
			runOnlyForDeploymentPostprocessing = 0;
		};
		4169DF50292AF179000C8EF4 /* Sources */ = {
			isa = PBXSourcesBuildPhase;
			buildActionMask = 2147483647;
			files = (
				4169DF59292AF179000C8EF4 /* LifesJourneyTests.swift in Sources */,
			);
			runOnlyForDeploymentPostprocessing = 0;
		};
		4169DF5A292AF179000C8EF4 /* Sources */ = {
			isa = PBXSourcesBuildPhase;
			buildActionMask = 2147483647;
			files = (
				4169DF63292AF179000C8EF4 /* LifesJourneyUITests.swift in Sources */,
				4169DF65292AF179000C8EF4 /* LifesJourneyUITestsLaunchTests.swift in Sources */,
			);
			runOnlyForDeploymentPostprocessing = 0;
		};
/* End PBXSourcesBuildPhase section */

/* Begin PBXTargetDependency section */
		4169DF56292AF179000C8EF4 /* PBXTargetDependency */ = {
			isa = PBXTargetDependency;
			target = 4169DF3D292AF178000C8EF4 /* LifesJourney */;
			targetProxy = 4169DF55292AF179000C8EF4 /* PBXContainerItemProxy */;
		};
		4169DF60292AF179000C8EF4 /* PBXTargetDependency */ = {
			isa = PBXTargetDependency;
			target = 4169DF3D292AF178000C8EF4 /* LifesJourney */;
			targetProxy = 4169DF5F292AF179000C8EF4 /* PBXContainerItemProxy */;
		};
/* End PBXTargetDependency section */

/* Begin PBXVariantGroup section */
		4169DF47292AF178000C8EF4 /* Main.storyboard */ = {
			isa = PBXVariantGroup;
			children = (
				4169DF48292AF178000C8EF4 /* Base */,
			);
			name = Main.storyboard;
			sourceTree = "<group>";
		};
		4169DF4C292AF179000C8EF4 /* LaunchScreen.storyboard */ = {
			isa = PBXVariantGroup;
			children = (
				4169DF4D292AF179000C8EF4 /* Base */,
			);
			name = LaunchScreen.storyboard;
			sourceTree = "<group>";
		};
/* End PBXVariantGroup section */

/* Begin XCBuildConfiguration section */
		4169DF66292AF179000C8EF4 /* Debug */ = {
			isa = XCBuildConfiguration;
			buildSettings = {
				ALWAYS_SEARCH_USER_PATHS = NO;
				CLANG_ANALYZER_NONNULL = YES;
				CLANG_ANALYZER_NUMBER_OBJECT_CONVERSION = YES_AGGRESSIVE;
				CLANG_CXX_LANGUAGE_STANDARD = "gnu++20";
				CLANG_ENABLE_MODULES = YES;
				CLANG_ENABLE_OBJC_ARC = YES;
				CLANG_ENABLE_OBJC_WEAK = YES;
				CLANG_WARN_BLOCK_CAPTURE_AUTORELEASING = YES;
				CLANG_WARN_BOOL_CONVERSION = YES;
				CLANG_WARN_COMMA = YES;
				CLANG_WARN_CONSTANT_CONVERSION = YES;
				CLANG_WARN_DEPRECATED_OBJC_IMPLEMENTATIONS = YES;
				CLANG_WARN_DIRECT_OBJC_ISA_USAGE = YES_ERROR;
				CLANG_WARN_DOCUMENTATION_COMMENTS = YES;
				CLANG_WARN_EMPTY_BODY = YES;
				CLANG_WARN_ENUM_CONVERSION = YES;
				CLANG_WARN_INFINITE_RECURSION = YES;
				CLANG_WARN_INT_CONVERSION = YES;
				CLANG_WARN_NON_LITERAL_NULL_CONVERSION = YES;
				CLANG_WARN_OBJC_IMPLICIT_RETAIN_SELF = YES;
				CLANG_WARN_OBJC_LITERAL_CONVERSION = YES;
				CLANG_WARN_OBJC_ROOT_CLASS = YES_ERROR;
				CLANG_WARN_QUOTED_INCLUDE_IN_FRAMEWORK_HEADER = YES;
				CLANG_WARN_RANGE_LOOP_ANALYSIS = YES;
				CLANG_WARN_STRICT_PROTOTYPES = YES;
				CLANG_WARN_SUSPICIOUS_MOVE = YES;
				CLANG_WARN_UNGUARDED_AVAILABILITY = YES_AGGRESSIVE;
				CLANG_WARN_UNREACHABLE_CODE = YES;
				CLANG_WARN__DUPLICATE_METHOD_MATCH = YES;
				COPY_PHASE_STRIP = NO;
				DEBUG_INFORMATION_FORMAT = dwarf;
				ENABLE_STRICT_OBJC_MSGSEND = YES;
				ENABLE_TESTABILITY = YES;
				GCC_C_LANGUAGE_STANDARD = gnu11;
				GCC_DYNAMIC_NO_PIC = NO;
				GCC_NO_COMMON_BLOCKS = YES;
				GCC_OPTIMIZATION_LEVEL = 0;
				GCC_PREPROCESSOR_DEFINITIONS = (
					"DEBUG=1",
					"$(inherited)",
				);
				GCC_WARN_64_TO_32_BIT_CONVERSION = YES;
				GCC_WARN_ABOUT_RETURN_TYPE = YES_ERROR;
				GCC_WARN_UNDECLARED_SELECTOR = YES;
				GCC_WARN_UNINITIALIZED_AUTOS = YES_AGGRESSIVE;
				GCC_WARN_UNUSED_FUNCTION = YES;
				GCC_WARN_UNUSED_VARIABLE = YES;
				IPHONEOS_DEPLOYMENT_TARGET = 16.1;
				MTL_ENABLE_DEBUG_INFO = INCLUDE_SOURCE;
				MTL_FAST_MATH = YES;
				ONLY_ACTIVE_ARCH = YES;
				SDKROOT = iphoneos;
				SWIFT_ACTIVE_COMPILATION_CONDITIONS = DEBUG;
				SWIFT_OPTIMIZATION_LEVEL = "-Onone";
			};
			name = Debug;
		};
		4169DF67292AF179000C8EF4 /* Release */ = {
			isa = XCBuildConfiguration;
			buildSettings = {
				ALWAYS_SEARCH_USER_PATHS = NO;
				CLANG_ANALYZER_NONNULL = YES;
				CLANG_ANALYZER_NUMBER_OBJECT_CONVERSION = YES_AGGRESSIVE;
				CLANG_CXX_LANGUAGE_STANDARD = "gnu++20";
				CLANG_ENABLE_MODULES = YES;
				CLANG_ENABLE_OBJC_ARC = YES;
				CLANG_ENABLE_OBJC_WEAK = YES;
				CLANG_WARN_BLOCK_CAPTURE_AUTORELEASING = YES;
				CLANG_WARN_BOOL_CONVERSION = YES;
				CLANG_WARN_COMMA = YES;
				CLANG_WARN_CONSTANT_CONVERSION = YES;
				CLANG_WARN_DEPRECATED_OBJC_IMPLEMENTATIONS = YES;
				CLANG_WARN_DIRECT_OBJC_ISA_USAGE = YES_ERROR;
				CLANG_WARN_DOCUMENTATION_COMMENTS = YES;
				CLANG_WARN_EMPTY_BODY = YES;
				CLANG_WARN_ENUM_CONVERSION = YES;
				CLANG_WARN_INFINITE_RECURSION = YES;
				CLANG_WARN_INT_CONVERSION = YES;
				CLANG_WARN_NON_LITERAL_NULL_CONVERSION = YES;
				CLANG_WARN_OBJC_IMPLICIT_RETAIN_SELF = YES;
				CLANG_WARN_OBJC_LITERAL_CONVERSION = YES;
				CLANG_WARN_OBJC_ROOT_CLASS = YES_ERROR;
				CLANG_WARN_QUOTED_INCLUDE_IN_FRAMEWORK_HEADER = YES;
				CLANG_WARN_RANGE_LOOP_ANALYSIS = YES;
				CLANG_WARN_STRICT_PROTOTYPES = YES;
				CLANG_WARN_SUSPICIOUS_MOVE = YES;
				CLANG_WARN_UNGUARDED_AVAILABILITY = YES_AGGRESSIVE;
				CLANG_WARN_UNREACHABLE_CODE = YES;
				CLANG_WARN__DUPLICATE_METHOD_MATCH = YES;
				COPY_PHASE_STRIP = NO;
				DEBUG_INFORMATION_FORMAT = "dwarf-with-dsym";
				ENABLE_NS_ASSERTIONS = NO;
				ENABLE_STRICT_OBJC_MSGSEND = YES;
				GCC_C_LANGUAGE_STANDARD = gnu11;
				GCC_NO_COMMON_BLOCKS = YES;
				GCC_WARN_64_TO_32_BIT_CONVERSION = YES;
				GCC_WARN_ABOUT_RETURN_TYPE = YES_ERROR;
				GCC_WARN_UNDECLARED_SELECTOR = YES;
				GCC_WARN_UNINITIALIZED_AUTOS = YES_AGGRESSIVE;
				GCC_WARN_UNUSED_FUNCTION = YES;
				GCC_WARN_UNUSED_VARIABLE = YES;
				IPHONEOS_DEPLOYMENT_TARGET = 16.1;
				MTL_ENABLE_DEBUG_INFO = NO;
				MTL_FAST_MATH = YES;
				SDKROOT = iphoneos;
				SWIFT_COMPILATION_MODE = wholemodule;
				SWIFT_OPTIMIZATION_LEVEL = "-O";
				VALIDATE_PRODUCT = YES;
			};
			name = Release;
		};
		4169DF69292AF179000C8EF4 /* Debug */ = {
			isa = XCBuildConfiguration;
			buildSettings = {
				ASSETCATALOG_COMPILER_APPICON_NAME = AppIcon;
				ASSETCATALOG_COMPILER_GLOBAL_ACCENT_COLOR_NAME = AccentColor;
				CODE_SIGN_STYLE = Automatic;
				CURRENT_PROJECT_VERSION = 1;
				GENERATE_INFOPLIST_FILE = YES;
				INFOPLIST_FILE = LifesJourney/Info.plist;
				INFOPLIST_KEY_UIApplicationSupportsIndirectInputEvents = YES;
				INFOPLIST_KEY_UILaunchStoryboardName = LaunchScreen;
				INFOPLIST_KEY_UIMainStoryboardFile = Main;
				INFOPLIST_KEY_UISupportedInterfaceOrientations_iPad = "UIInterfaceOrientationPortrait UIInterfaceOrientationPortraitUpsideDown UIInterfaceOrientationLandscapeLeft UIInterfaceOrientationLandscapeRight";
				INFOPLIST_KEY_UISupportedInterfaceOrientations_iPhone = "UIInterfaceOrientationPortrait UIInterfaceOrientationLandscapeLeft UIInterfaceOrientationLandscapeRight";
				LD_RUNPATH_SEARCH_PATHS = (
					"$(inherited)",
					"@executable_path/Frameworks",
				);
				MARKETING_VERSION = 1.0;
				PRODUCT_BUNDLE_IDENTIFIER = KulkaCorp.LifesJourney;
				PRODUCT_NAME = "$(TARGET_NAME)";
				SWIFT_EMIT_LOC_STRINGS = YES;
				SWIFT_VERSION = 5.0;
				TARGETED_DEVICE_FAMILY = "1,2";
			};
			name = Debug;
		};
		4169DF6A292AF179000C8EF4 /* Release */ = {
			isa = XCBuildConfiguration;
			buildSettings = {
				ASSETCATALOG_COMPILER_APPICON_NAME = AppIcon;
				ASSETCATALOG_COMPILER_GLOBAL_ACCENT_COLOR_NAME = AccentColor;
				CODE_SIGN_STYLE = Automatic;
				CURRENT_PROJECT_VERSION = 1;
				GENERATE_INFOPLIST_FILE = YES;
				INFOPLIST_FILE = LifesJourney/Info.plist;
				INFOPLIST_KEY_UIApplicationSupportsIndirectInputEvents = YES;
				INFOPLIST_KEY_UILaunchStoryboardName = LaunchScreen;
				INFOPLIST_KEY_UIMainStoryboardFile = Main;
				INFOPLIST_KEY_UISupportedInterfaceOrientations_iPad = "UIInterfaceOrientationPortrait UIInterfaceOrientationPortraitUpsideDown UIInterfaceOrientationLandscapeLeft UIInterfaceOrientationLandscapeRight";
				INFOPLIST_KEY_UISupportedInterfaceOrientations_iPhone = "UIInterfaceOrientationPortrait UIInterfaceOrientationLandscapeLeft UIInterfaceOrientationLandscapeRight";
				LD_RUNPATH_SEARCH_PATHS = (
					"$(inherited)",
					"@executable_path/Frameworks",
				);
				MARKETING_VERSION = 1.0;
				PRODUCT_BUNDLE_IDENTIFIER = KulkaCorp.LifesJourney;
				PRODUCT_NAME = "$(TARGET_NAME)";
				SWIFT_EMIT_LOC_STRINGS = YES;
				SWIFT_VERSION = 5.0;
				TARGETED_DEVICE_FAMILY = "1,2";
			};
			name = Release;
		};
		4169DF6C292AF179000C8EF4 /* Debug */ = {
			isa = XCBuildConfiguration;
			buildSettings = {
				ALWAYS_EMBED_SWIFT_STANDARD_LIBRARIES = YES;
				BUNDLE_LOADER = "$(TEST_HOST)";
				CODE_SIGN_STYLE = Automatic;
				CURRENT_PROJECT_VERSION = 1;
				GENERATE_INFOPLIST_FILE = YES;
				IPHONEOS_DEPLOYMENT_TARGET = 16.1;
				MARKETING_VERSION = 1.0;
				PRODUCT_BUNDLE_IDENTIFIER = KulkaCorp.LifesJourneyTests;
				PRODUCT_NAME = "$(TARGET_NAME)";
				SWIFT_EMIT_LOC_STRINGS = NO;
				SWIFT_VERSION = 5.0;
				TARGETED_DEVICE_FAMILY = "1,2";
				TEST_HOST = "$(BUILT_PRODUCTS_DIR)/LifesJourney.app/$(BUNDLE_EXECUTABLE_FOLDER_PATH)/LifesJourney";
			};
			name = Debug;
		};
		4169DF6D292AF179000C8EF4 /* Release */ = {
			isa = XCBuildConfiguration;
			buildSettings = {
				ALWAYS_EMBED_SWIFT_STANDARD_LIBRARIES = YES;
				BUNDLE_LOADER = "$(TEST_HOST)";
				CODE_SIGN_STYLE = Automatic;
				CURRENT_PROJECT_VERSION = 1;
				GENERATE_INFOPLIST_FILE = YES;
				IPHONEOS_DEPLOYMENT_TARGET = 16.1;
				MARKETING_VERSION = 1.0;
				PRODUCT_BUNDLE_IDENTIFIER = KulkaCorp.LifesJourneyTests;
				PRODUCT_NAME = "$(TARGET_NAME)";
				SWIFT_EMIT_LOC_STRINGS = NO;
				SWIFT_VERSION = 5.0;
				TARGETED_DEVICE_FAMILY = "1,2";
				TEST_HOST = "$(BUILT_PRODUCTS_DIR)/LifesJourney.app/$(BUNDLE_EXECUTABLE_FOLDER_PATH)/LifesJourney";
			};
			name = Release;
		};
		4169DF6F292AF179000C8EF4 /* Debug */ = {
			isa = XCBuildConfiguration;
			buildSettings = {
				ALWAYS_EMBED_SWIFT_STANDARD_LIBRARIES = YES;
				CODE_SIGN_STYLE = Automatic;
				CURRENT_PROJECT_VERSION = 1;
				GENERATE_INFOPLIST_FILE = YES;
				MARKETING_VERSION = 1.0;
				PRODUCT_BUNDLE_IDENTIFIER = KulkaCorp.LifesJourneyUITests;
				PRODUCT_NAME = "$(TARGET_NAME)";
				SWIFT_EMIT_LOC_STRINGS = NO;
				SWIFT_VERSION = 5.0;
				TARGETED_DEVICE_FAMILY = "1,2";
				TEST_TARGET_NAME = LifesJourney;
			};
			name = Debug;
		};
		4169DF70292AF179000C8EF4 /* Release */ = {
			isa = XCBuildConfiguration;
			buildSettings = {
				ALWAYS_EMBED_SWIFT_STANDARD_LIBRARIES = YES;
				CODE_SIGN_STYLE = Automatic;
				CURRENT_PROJECT_VERSION = 1;
				GENERATE_INFOPLIST_FILE = YES;
				MARKETING_VERSION = 1.0;
				PRODUCT_BUNDLE_IDENTIFIER = KulkaCorp.LifesJourneyUITests;
				PRODUCT_NAME = "$(TARGET_NAME)";
				SWIFT_EMIT_LOC_STRINGS = NO;
				SWIFT_VERSION = 5.0;
				TARGETED_DEVICE_FAMILY = "1,2";
				TEST_TARGET_NAME = LifesJourney;
			};
			name = Release;
		};
/* End XCBuildConfiguration section */

/* Begin XCConfigurationList section */
		4169DF39292AF178000C8EF4 /* Build configuration list for PBXProject "LifesJourney" */ = {
			isa = XCConfigurationList;
			buildConfigurations = (
				4169DF66292AF179000C8EF4 /* Debug */,
				4169DF67292AF179000C8EF4 /* Release */,
			);
			defaultConfigurationIsVisible = 0;
			defaultConfigurationName = Release;
		};
		4169DF68292AF179000C8EF4 /* Build configuration list for PBXNativeTarget "LifesJourney" */ = {
			isa = XCConfigurationList;
			buildConfigurations = (
				4169DF69292AF179000C8EF4 /* Debug */,
				4169DF6A292AF179000C8EF4 /* Release */,
			);
			defaultConfigurationIsVisible = 0;
			defaultConfigurationName = Release;
		};
		4169DF6B292AF179000C8EF4 /* Build configuration list for PBXNativeTarget "LifesJourneyTests" */ = {
			isa = XCConfigurationList;
			buildConfigurations = (
				4169DF6C292AF179000C8EF4 /* Debug */,
				4169DF6D292AF179000C8EF4 /* Release */,
			);
			defaultConfigurationIsVisible = 0;
			defaultConfigurationName = Release;
		};
		4169DF6E292AF179000C8EF4 /* Build configuration list for PBXNativeTarget "LifesJourneyUITests" */ = {
			isa = XCConfigurationList;
			buildConfigurations = (
				4169DF6F292AF179000C8EF4 /* Debug */,
				4169DF70292AF179000C8EF4 /* Release */,
			);
			defaultConfigurationIsVisible = 0;
			defaultConfigurationName = Release;
		};
/* End XCConfigurationList section */
	};
	rootObject = 4169DF36292AF178000C8EF4 /* Project object */;
}
